// !$*UTF8*$!
{
	archiveVersion = 1;
	classes = {
	};
	objectVersion = 50;
	objects = {

/* Begin PBXBuildFile section */
		756D000224810957001DC6AD /* TimerTests.swift in Sources */ = {isa = PBXBuildFile; fileRef = 756D000124810957001DC6AD /* TimerTests.swift */; };
		756D000524810E1A001DC6AD /* Coordinating.swift in Sources */ = {isa = PBXBuildFile; fileRef = 756D000424810E1A001DC6AD /* Coordinating.swift */; };
		756D000824810E45001DC6AD /* ViewModuleFactory.swift in Sources */ = {isa = PBXBuildFile; fileRef = 756D000724810E45001DC6AD /* ViewModuleFactory.swift */; };
		756D000A24810EEC001DC6AD /* AppCoordinator.swift in Sources */ = {isa = PBXBuildFile; fileRef = 756D000924810EEC001DC6AD /* AppCoordinator.swift */; };
		756D000D24811318001DC6AD /* StopWatchCoordinator.swift in Sources */ = {isa = PBXBuildFile; fileRef = 756D000C24811318001DC6AD /* StopWatchCoordinator.swift */; };
		756D001124811441001DC6AD /* StopWatchViewController.swift in Sources */ = {isa = PBXBuildFile; fileRef = 756D000F24811441001DC6AD /* StopWatchViewController.swift */; };
		756D001224811441001DC6AD /* StopWatchViewController.xib in Resources */ = {isa = PBXBuildFile; fileRef = 756D001024811441001DC6AD /* StopWatchViewController.xib */; };
		756DFFD52481007A001DC6AD /* AppDelegate.swift in Sources */ = {isa = PBXBuildFile; fileRef = 756DFFD42481007A001DC6AD /* AppDelegate.swift */; };
		756DFFD72481007A001DC6AD /* SceneDelegate.swift in Sources */ = {isa = PBXBuildFile; fileRef = 756DFFD62481007A001DC6AD /* SceneDelegate.swift */; };
		756DFFD92481007A001DC6AD /* ViewController.swift in Sources */ = {isa = PBXBuildFile; fileRef = 756DFFD82481007A001DC6AD /* ViewController.swift */; };
		756DFFDC2481007A001DC6AD /* Main.storyboard in Resources */ = {isa = PBXBuildFile; fileRef = 756DFFDA2481007A001DC6AD /* Main.storyboard */; };
		756DFFDE2481007C001DC6AD /* Assets.xcassets in Resources */ = {isa = PBXBuildFile; fileRef = 756DFFDD2481007C001DC6AD /* Assets.xcassets */; };
		756DFFE12481007C001DC6AD /* LaunchScreen.storyboard in Resources */ = {isa = PBXBuildFile; fileRef = 756DFFDF2481007C001DC6AD /* LaunchScreen.storyboard */; };
		756DFFEC2481007C001DC6AD /* StopWatchTests.swift in Sources */ = {isa = PBXBuildFile; fileRef = 756DFFEB2481007C001DC6AD /* StopWatchTests.swift */; };
		756DFFFD248102FB001DC6AD /* Timer.swift in Sources */ = {isa = PBXBuildFile; fileRef = 756DFFFC248102FB001DC6AD /* Timer.swift */; };
		75A975F224811CA00082BE4D /* StopWatchViewModel.swift in Sources */ = {isa = PBXBuildFile; fileRef = 75A975F124811CA00082BE4D /* StopWatchViewModel.swift */; };
		75A975F5248134A40082BE4D /* Lap.swift in Sources */ = {isa = PBXBuildFile; fileRef = 75A975F4248134A40082BE4D /* Lap.swift */; };
/* End PBXBuildFile section */

/* Begin PBXContainerItemProxy section */
		756DFFE82481007C001DC6AD /* PBXContainerItemProxy */ = {
			isa = PBXContainerItemProxy;
			containerPortal = 756DFFC92481007A001DC6AD /* Project object */;
			proxyType = 1;
			remoteGlobalIDString = 756DFFD02481007A001DC6AD;
			remoteInfo = StopWatch;
		};
/* End PBXContainerItemProxy section */

/* Begin PBXFileReference section */
		756D000124810957001DC6AD /* TimerTests.swift */ = {isa = PBXFileReference; lastKnownFileType = sourcecode.swift; path = TimerTests.swift; sourceTree = "<group>"; };
		756D000424810E1A001DC6AD /* Coordinating.swift */ = {isa = PBXFileReference; lastKnownFileType = sourcecode.swift; path = Coordinating.swift; sourceTree = "<group>"; };
		756D000724810E45001DC6AD /* ViewModuleFactory.swift */ = {isa = PBXFileReference; lastKnownFileType = sourcecode.swift; path = ViewModuleFactory.swift; sourceTree = "<group>"; };
		756D000924810EEC001DC6AD /* AppCoordinator.swift */ = {isa = PBXFileReference; lastKnownFileType = sourcecode.swift; path = AppCoordinator.swift; sourceTree = "<group>"; };
		756D000C24811318001DC6AD /* StopWatchCoordinator.swift */ = {isa = PBXFileReference; lastKnownFileType = sourcecode.swift; path = StopWatchCoordinator.swift; sourceTree = "<group>"; };
		756D000F24811441001DC6AD /* StopWatchViewController.swift */ = {isa = PBXFileReference; lastKnownFileType = sourcecode.swift; path = StopWatchViewController.swift; sourceTree = "<group>"; };
		756D001024811441001DC6AD /* StopWatchViewController.xib */ = {isa = PBXFileReference; lastKnownFileType = file.xib; path = StopWatchViewController.xib; sourceTree = "<group>"; };
		756DFFD12481007A001DC6AD /* StopWatch.app */ = {isa = PBXFileReference; explicitFileType = wrapper.application; includeInIndex = 0; path = StopWatch.app; sourceTree = BUILT_PRODUCTS_DIR; };
		756DFFD42481007A001DC6AD /* AppDelegate.swift */ = {isa = PBXFileReference; lastKnownFileType = sourcecode.swift; path = AppDelegate.swift; sourceTree = "<group>"; };
		756DFFD62481007A001DC6AD /* SceneDelegate.swift */ = {isa = PBXFileReference; lastKnownFileType = sourcecode.swift; path = SceneDelegate.swift; sourceTree = "<group>"; };
		756DFFD82481007A001DC6AD /* ViewController.swift */ = {isa = PBXFileReference; lastKnownFileType = sourcecode.swift; path = ViewController.swift; sourceTree = "<group>"; };
		756DFFDB2481007A001DC6AD /* Base */ = {isa = PBXFileReference; lastKnownFileType = file.storyboard; name = Base; path = Base.lproj/Main.storyboard; sourceTree = "<group>"; };
		756DFFDD2481007C001DC6AD /* Assets.xcassets */ = {isa = PBXFileReference; lastKnownFileType = folder.assetcatalog; path = Assets.xcassets; sourceTree = "<group>"; };
		756DFFE02481007C001DC6AD /* Base */ = {isa = PBXFileReference; lastKnownFileType = file.storyboard; name = Base; path = Base.lproj/LaunchScreen.storyboard; sourceTree = "<group>"; };
		756DFFE22481007C001DC6AD /* Info.plist */ = {isa = PBXFileReference; lastKnownFileType = text.plist.xml; path = Info.plist; sourceTree = "<group>"; };
		756DFFE72481007C001DC6AD /* StopWatchTests.xctest */ = {isa = PBXFileReference; explicitFileType = wrapper.cfbundle; includeInIndex = 0; path = StopWatchTests.xctest; sourceTree = BUILT_PRODUCTS_DIR; };
		756DFFEB2481007C001DC6AD /* StopWatchTests.swift */ = {isa = PBXFileReference; lastKnownFileType = sourcecode.swift; path = StopWatchTests.swift; sourceTree = "<group>"; };
		756DFFED2481007C001DC6AD /* Info.plist */ = {isa = PBXFileReference; lastKnownFileType = text.plist.xml; path = Info.plist; sourceTree = "<group>"; };
		756DFFFC248102FB001DC6AD /* Timer.swift */ = {isa = PBXFileReference; lastKnownFileType = sourcecode.swift; path = Timer.swift; sourceTree = "<group>"; };
		75A975F124811CA00082BE4D /* StopWatchViewModel.swift */ = {isa = PBXFileReference; lastKnownFileType = sourcecode.swift; path = StopWatchViewModel.swift; sourceTree = "<group>"; };
		75A975F4248134A40082BE4D /* Lap.swift */ = {isa = PBXFileReference; lastKnownFileType = sourcecode.swift; path = Lap.swift; sourceTree = "<group>"; };
/* End PBXFileReference section */

/* Begin PBXFrameworksBuildPhase section */
		756DFFCE2481007A001DC6AD /* Frameworks */ = {
			isa = PBXFrameworksBuildPhase;
			buildActionMask = 2147483647;
			files = (
			);
			runOnlyForDeploymentPostprocessing = 0;
		};
		756DFFE42481007C001DC6AD /* Frameworks */ = {
			isa = PBXFrameworksBuildPhase;
			buildActionMask = 2147483647;
			files = (
			);
			runOnlyForDeploymentPostprocessing = 0;
		};
/* End PBXFrameworksBuildPhase section */

/* Begin PBXGroup section */
		756D000024810900001DC6AD /* Timer */ = {
			isa = PBXGroup;
			children = (
				756D000124810957001DC6AD /* TimerTests.swift */,
			);
			path = Timer;
			sourceTree = "<group>";
		};
		756D000324810DE4001DC6AD /* Protocols */ = {
			isa = PBXGroup;
			children = (
				756D000424810E1A001DC6AD /* Coordinating.swift */,
			);
			path = Protocols;
			sourceTree = "<group>";
		};
		756D000624810E36001DC6AD /* Factories */ = {
			isa = PBXGroup;
			children = (
				756D000724810E45001DC6AD /* ViewModuleFactory.swift */,
			);
			path = Factories;
			sourceTree = "<group>";
		};
		756D000B24811284001DC6AD /* StopWatch */ = {
			isa = PBXGroup;
			children = (
				75A975F3248134970082BE4D /* Models */,
				756D000C24811318001DC6AD /* StopWatchCoordinator.swift */,
				756D000E24811430001DC6AD /* StopWatchView */,
			);
			path = StopWatch;
			sourceTree = "<group>";
		};
		756D000E24811430001DC6AD /* StopWatchView */ = {
			isa = PBXGroup;
			children = (
				75A975F124811CA00082BE4D /* StopWatchViewModel.swift */,
				756D000F24811441001DC6AD /* StopWatchViewController.swift */,
				756D001024811441001DC6AD /* StopWatchViewController.xib */,
			);
			path = StopWatchView;
			sourceTree = "<group>";
		};
		756DFFC82481007A001DC6AD = {
			isa = PBXGroup;
			children = (
				756DFFD32481007A001DC6AD /* StopWatch */,
				756DFFEA2481007C001DC6AD /* StopWatchTests */,
				756DFFD22481007A001DC6AD /* Products */,
			);
			sourceTree = "<group>";
		};
		756DFFD22481007A001DC6AD /* Products */ = {
			isa = PBXGroup;
			children = (
				756DFFD12481007A001DC6AD /* StopWatch.app */,
				756DFFE72481007C001DC6AD /* StopWatchTests.xctest */,
			);
			name = Products;
			sourceTree = "<group>";
		};
		756DFFD32481007A001DC6AD /* StopWatch */ = {
			isa = PBXGroup;
			children = (
				756DFFF72481016B001DC6AD /* Resources */,
				756DFFF624810164001DC6AD /* Source */,
				756DFFDF2481007C001DC6AD /* LaunchScreen.storyboard */,
				756DFFE22481007C001DC6AD /* Info.plist */,
			);
			path = StopWatch;
			sourceTree = "<group>";
		};
		756DFFEA2481007C001DC6AD /* StopWatchTests */ = {
			isa = PBXGroup;
			children = (
				756DFFFE248108E0001DC6AD /* Classes */,
				756DFFEB2481007C001DC6AD /* StopWatchTests.swift */,
				756DFFED2481007C001DC6AD /* Info.plist */,
			);
			path = StopWatchTests;
			sourceTree = "<group>";
		};
		756DFFF624810164001DC6AD /* Source */ = {
			isa = PBXGroup;
			children = (
				756D000624810E36001DC6AD /* Factories */,
				756D000324810DE4001DC6AD /* Protocols */,
				756DFFFB248102E2001DC6AD /* Classes */,
				756DFFF924810251001DC6AD /* ViewModules */,
				756DFFF82481017C001DC6AD /* AppAndSceneDelegate */,
			);
			path = Source;
			sourceTree = "<group>";
		};
		756DFFF72481016B001DC6AD /* Resources */ = {
			isa = PBXGroup;
			children = (
				756DFFDD2481007C001DC6AD /* Assets.xcassets */,
			);
			path = Resources;
			sourceTree = "<group>";
		};
		756DFFF82481017C001DC6AD /* AppAndSceneDelegate */ = {
			isa = PBXGroup;
			children = (
				756DFFD42481007A001DC6AD /* AppDelegate.swift */,
				756DFFD62481007A001DC6AD /* SceneDelegate.swift */,
				756D000924810EEC001DC6AD /* AppCoordinator.swift */,
			);
			path = AppAndSceneDelegate;
			sourceTree = "<group>";
		};
		756DFFF924810251001DC6AD /* ViewModules */ = {
			isa = PBXGroup;
			children = (
				756D000B24811284001DC6AD /* StopWatch */,
				756DFFFA24810258001DC6AD /* Default */,
			);
			path = ViewModules;
			sourceTree = "<group>";
		};
		756DFFFA24810258001DC6AD /* Default */ = {
			isa = PBXGroup;
			children = (
				756DFFD82481007A001DC6AD /* ViewController.swift */,
				756DFFDA2481007A001DC6AD /* Main.storyboard */,
			);
			path = Default;
			sourceTree = "<group>";
		};
		756DFFFB248102E2001DC6AD /* Classes */ = {
			isa = PBXGroup;
			children = (
				756DFFFF248108F2001DC6AD /* DispatchSourceTimer */,
			);
			path = Classes;
			sourceTree = "<group>";
		};
		756DFFFE248108E0001DC6AD /* Classes */ = {
			isa = PBXGroup;
			children = (
				756D000024810900001DC6AD /* Timer */,
			);
			path = Classes;
			sourceTree = "<group>";
		};
		756DFFFF248108F2001DC6AD /* DispatchSourceTimer */ = {
			isa = PBXGroup;
			children = (
				756DFFFC248102FB001DC6AD /* Timer.swift */,
			);
			path = DispatchSourceTimer;
			sourceTree = "<group>";
		};
		75A975F3248134970082BE4D /* Models */ = {
			isa = PBXGroup;
			children = (
				75A975F4248134A40082BE4D /* Lap.swift */,
			);
			path = Models;
			sourceTree = "<group>";
		};
/* End PBXGroup section */

/* Begin PBXNativeTarget section */
		756DFFD02481007A001DC6AD /* StopWatch */ = {
			isa = PBXNativeTarget;
			buildConfigurationList = 756DFFF02481007C001DC6AD /* Build configuration list for PBXNativeTarget "StopWatch" */;
			buildPhases = (
				756DFFCD2481007A001DC6AD /* Sources */,
				756DFFCE2481007A001DC6AD /* Frameworks */,
				756DFFCF2481007A001DC6AD /* Resources */,
			);
			buildRules = (
			);
			dependencies = (
			);
			name = StopWatch;
			productName = StopWatch;
			productReference = 756DFFD12481007A001DC6AD /* StopWatch.app */;
			productType = "com.apple.product-type.application";
		};
		756DFFE62481007C001DC6AD /* StopWatchTests */ = {
			isa = PBXNativeTarget;
			buildConfigurationList = 756DFFF32481007C001DC6AD /* Build configuration list for PBXNativeTarget "StopWatchTests" */;
			buildPhases = (
				756DFFE32481007C001DC6AD /* Sources */,
				756DFFE42481007C001DC6AD /* Frameworks */,
				756DFFE52481007C001DC6AD /* Resources */,
			);
			buildRules = (
			);
			dependencies = (
				756DFFE92481007C001DC6AD /* PBXTargetDependency */,
			);
			name = StopWatchTests;
			productName = StopWatchTests;
			productReference = 756DFFE72481007C001DC6AD /* StopWatchTests.xctest */;
			productType = "com.apple.product-type.bundle.unit-test";
		};
/* End PBXNativeTarget section */

/* Begin PBXProject section */
		756DFFC92481007A001DC6AD /* Project object */ = {
			isa = PBXProject;
			attributes = {
				LastSwiftUpdateCheck = 1150;
				LastUpgradeCheck = 1150;
				ORGANIZATIONNAME = "Ginés Sanchez";
				TargetAttributes = {
					756DFFD02481007A001DC6AD = {
						CreatedOnToolsVersion = 11.5;
					};
					756DFFE62481007C001DC6AD = {
						CreatedOnToolsVersion = 11.5;
						TestTargetID = 756DFFD02481007A001DC6AD;
					};
				};
			};
			buildConfigurationList = 756DFFCC2481007A001DC6AD /* Build configuration list for PBXProject "StopWatch" */;
			compatibilityVersion = "Xcode 9.3";
			developmentRegion = en;
			hasScannedForEncodings = 0;
			knownRegions = (
				en,
				Base,
			);
			mainGroup = 756DFFC82481007A001DC6AD;
			productRefGroup = 756DFFD22481007A001DC6AD /* Products */;
			projectDirPath = "";
			projectRoot = "";
			targets = (
				756DFFD02481007A001DC6AD /* StopWatch */,
				756DFFE62481007C001DC6AD /* StopWatchTests */,
			);
		};
/* End PBXProject section */

/* Begin PBXResourcesBuildPhase section */
		756DFFCF2481007A001DC6AD /* Resources */ = {
			isa = PBXResourcesBuildPhase;
			buildActionMask = 2147483647;
			files = (
				756D001224811441001DC6AD /* StopWatchViewController.xib in Resources */,
				756DFFE12481007C001DC6AD /* LaunchScreen.storyboard in Resources */,
				756DFFDE2481007C001DC6AD /* Assets.xcassets in Resources */,
				756DFFDC2481007A001DC6AD /* Main.storyboard in Resources */,
			);
			runOnlyForDeploymentPostprocessing = 0;
		};
		756DFFE52481007C001DC6AD /* Resources */ = {
			isa = PBXResourcesBuildPhase;
			buildActionMask = 2147483647;
			files = (
			);
			runOnlyForDeploymentPostprocessing = 0;
		};
/* End PBXResourcesBuildPhase section */

/* Begin PBXSourcesBuildPhase section */
		756DFFCD2481007A001DC6AD /* Sources */ = {
			isa = PBXSourcesBuildPhase;
			buildActionMask = 2147483647;
			files = (
				756DFFD92481007A001DC6AD /* ViewController.swift in Sources */,
				756D000824810E45001DC6AD /* ViewModuleFactory.swift in Sources */,
				75A975F5248134A40082BE4D /* Lap.swift in Sources */,
				756DFFD52481007A001DC6AD /* AppDelegate.swift in Sources */,
				756D000524810E1A001DC6AD /* Coordinating.swift in Sources */,
				75A975F224811CA00082BE4D /* StopWatchViewModel.swift in Sources */,
				756D001124811441001DC6AD /* StopWatchViewController.swift in Sources */,
				756DFFFD248102FB001DC6AD /* Timer.swift in Sources */,
				756DFFD72481007A001DC6AD /* SceneDelegate.swift in Sources */,
				756D000D24811318001DC6AD /* StopWatchCoordinator.swift in Sources */,
				756D000A24810EEC001DC6AD /* AppCoordinator.swift in Sources */,
			);
			runOnlyForDeploymentPostprocessing = 0;
		};
		756DFFE32481007C001DC6AD /* Sources */ = {
			isa = PBXSourcesBuildPhase;
			buildActionMask = 2147483647;
			files = (
				756DFFEC2481007C001DC6AD /* StopWatchTests.swift in Sources */,
				756D000224810957001DC6AD /* TimerTests.swift in Sources */,
			);
			runOnlyForDeploymentPostprocessing = 0;
		};
/* End PBXSourcesBuildPhase section */

/* Begin PBXTargetDependency section */
		756DFFE92481007C001DC6AD /* PBXTargetDependency */ = {
			isa = PBXTargetDependency;
			target = 756DFFD02481007A001DC6AD /* StopWatch */;
			targetProxy = 756DFFE82481007C001DC6AD /* PBXContainerItemProxy */;
		};
/* End PBXTargetDependency section */

/* Begin PBXVariantGroup section */
		756DFFDA2481007A001DC6AD /* Main.storyboard */ = {
			isa = PBXVariantGroup;
			children = (
				756DFFDB2481007A001DC6AD /* Base */,
			);
			name = Main.storyboard;
			sourceTree = "<group>";
		};
		756DFFDF2481007C001DC6AD /* LaunchScreen.storyboard */ = {
			isa = PBXVariantGroup;
			children = (
				756DFFE02481007C001DC6AD /* Base */,
			);
			name = LaunchScreen.storyboard;
			sourceTree = "<group>";
		};
/* End PBXVariantGroup section */

/* Begin XCBuildConfiguration section */
		756DFFEE2481007C001DC6AD /* Debug */ = {
			isa = XCBuildConfiguration;
			buildSettings = {
				ALWAYS_SEARCH_USER_PATHS = NO;
				CLANG_ANALYZER_NONNULL = YES;
				CLANG_ANALYZER_NUMBER_OBJECT_CONVERSION = YES_AGGRESSIVE;
				CLANG_CXX_LANGUAGE_STANDARD = "gnu++14";
				CLANG_CXX_LIBRARY = "libc++";
				CLANG_ENABLE_MODULES = YES;
				CLANG_ENABLE_OBJC_ARC = YES;
				CLANG_ENABLE_OBJC_WEAK = YES;
				CLANG_WARN_BLOCK_CAPTURE_AUTORELEASING = YES;
				CLANG_WARN_BOOL_CONVERSION = YES;
				CLANG_WARN_COMMA = YES;
				CLANG_WARN_CONSTANT_CONVERSION = YES;
				CLANG_WARN_DEPRECATED_OBJC_IMPLEMENTATIONS = YES;
				CLANG_WARN_DIRECT_OBJC_ISA_USAGE = YES_ERROR;
				CLANG_WARN_DOCUMENTATION_COMMENTS = YES;
				CLANG_WARN_EMPTY_BODY = YES;
				CLANG_WARN_ENUM_CONVERSION = YES;
				CLANG_WARN_INFINITE_RECURSION = YES;
				CLANG_WARN_INT_CONVERSION = YES;
				CLANG_WARN_NON_LITERAL_NULL_CONVERSION = YES;
				CLANG_WARN_OBJC_IMPLICIT_RETAIN_SELF = YES;
				CLANG_WARN_OBJC_LITERAL_CONVERSION = YES;
				CLANG_WARN_OBJC_ROOT_CLASS = YES_ERROR;
				CLANG_WARN_RANGE_LOOP_ANALYSIS = YES;
				CLANG_WARN_STRICT_PROTOTYPES = YES;
				CLANG_WARN_SUSPICIOUS_MOVE = YES;
				CLANG_WARN_UNGUARDED_AVAILABILITY = YES_AGGRESSIVE;
				CLANG_WARN_UNREACHABLE_CODE = YES;
				CLANG_WARN__DUPLICATE_METHOD_MATCH = YES;
				COPY_PHASE_STRIP = NO;
				DEBUG_INFORMATION_FORMAT = dwarf;
				ENABLE_STRICT_OBJC_MSGSEND = YES;
				ENABLE_TESTABILITY = YES;
				GCC_C_LANGUAGE_STANDARD = gnu11;
				GCC_DYNAMIC_NO_PIC = NO;
				GCC_NO_COMMON_BLOCKS = YES;
				GCC_OPTIMIZATION_LEVEL = 0;
				GCC_PREPROCESSOR_DEFINITIONS = (
					"DEBUG=1",
					"$(inherited)",
				);
				GCC_WARN_64_TO_32_BIT_CONVERSION = YES;
				GCC_WARN_ABOUT_RETURN_TYPE = YES_ERROR;
				GCC_WARN_UNDECLARED_SELECTOR = YES;
				GCC_WARN_UNINITIALIZED_AUTOS = YES_AGGRESSIVE;
				GCC_WARN_UNUSED_FUNCTION = YES;
				GCC_WARN_UNUSED_VARIABLE = YES;
				IPHONEOS_DEPLOYMENT_TARGET = 13.5;
				MTL_ENABLE_DEBUG_INFO = INCLUDE_SOURCE;
				MTL_FAST_MATH = YES;
				ONLY_ACTIVE_ARCH = YES;
				SDKROOT = iphoneos;
				SWIFT_ACTIVE_COMPILATION_CONDITIONS = DEBUG;
				SWIFT_OPTIMIZATION_LEVEL = "-Onone";
			};
			name = Debug;
		};
		756DFFEF2481007C001DC6AD /* Release */ = {
			isa = XCBuildConfiguration;
			buildSettings = {
				ALWAYS_SEARCH_USER_PATHS = NO;
				CLANG_ANALYZER_NONNULL = YES;
				CLANG_ANALYZER_NUMBER_OBJECT_CONVERSION = YES_AGGRESSIVE;
				CLANG_CXX_LANGUAGE_STANDARD = "gnu++14";
				CLANG_CXX_LIBRARY = "libc++";
				CLANG_ENABLE_MODULES = YES;
				CLANG_ENABLE_OBJC_ARC = YES;
				CLANG_ENABLE_OBJC_WEAK = YES;
				CLANG_WARN_BLOCK_CAPTURE_AUTORELEASING = YES;
				CLANG_WARN_BOOL_CONVERSION = YES;
				CLANG_WARN_COMMA = YES;
				CLANG_WARN_CONSTANT_CONVERSION = YES;
				CLANG_WARN_DEPRECATED_OBJC_IMPLEMENTATIONS = YES;
				CLANG_WARN_DIRECT_OBJC_ISA_USAGE = YES_ERROR;
				CLANG_WARN_DOCUMENTATION_COMMENTS = YES;
				CLANG_WARN_EMPTY_BODY = YES;
				CLANG_WARN_ENUM_CONVERSION = YES;
				CLANG_WARN_INFINITE_RECURSION = YES;
				CLANG_WARN_INT_CONVERSION = YES;
				CLANG_WARN_NON_LITERAL_NULL_CONVERSION = YES;
				CLANG_WARN_OBJC_IMPLICIT_RETAIN_SELF = YES;
				CLANG_WARN_OBJC_LITERAL_CONVERSION = YES;
				CLANG_WARN_OBJC_ROOT_CLASS = YES_ERROR;
				CLANG_WARN_RANGE_LOOP_ANALYSIS = YES;
				CLANG_WARN_STRICT_PROTOTYPES = YES;
				CLANG_WARN_SUSPICIOUS_MOVE = YES;
				CLANG_WARN_UNGUARDED_AVAILABILITY = YES_AGGRESSIVE;
				CLANG_WARN_UNREACHABLE_CODE = YES;
				CLANG_WARN__DUPLICATE_METHOD_MATCH = YES;
				COPY_PHASE_STRIP = NO;
				DEBUG_INFORMATION_FORMAT = "dwarf-with-dsym";
				ENABLE_NS_ASSERTIONS = NO;
				ENABLE_STRICT_OBJC_MSGSEND = YES;
				GCC_C_LANGUAGE_STANDARD = gnu11;
				GCC_NO_COMMON_BLOCKS = YES;
				GCC_WARN_64_TO_32_BIT_CONVERSION = YES;
				GCC_WARN_ABOUT_RETURN_TYPE = YES_ERROR;
				GCC_WARN_UNDECLARED_SELECTOR = YES;
				GCC_WARN_UNINITIALIZED_AUTOS = YES_AGGRESSIVE;
				GCC_WARN_UNUSED_FUNCTION = YES;
				GCC_WARN_UNUSED_VARIABLE = YES;
				IPHONEOS_DEPLOYMENT_TARGET = 13.5;
				MTL_ENABLE_DEBUG_INFO = NO;
				MTL_FAST_MATH = YES;
				SDKROOT = iphoneos;
				SWIFT_COMPILATION_MODE = wholemodule;
				SWIFT_OPTIMIZATION_LEVEL = "-O";
				VALIDATE_PRODUCT = YES;
			};
			name = Release;
		};
		756DFFF12481007C001DC6AD /* Debug */ = {
			isa = XCBuildConfiguration;
			buildSettings = {
				ASSETCATALOG_COMPILER_APPICON_NAME = AppIcon;
				CODE_SIGN_STYLE = Automatic;
				INFOPLIST_FILE = StopWatch/Info.plist;
				LD_RUNPATH_SEARCH_PATHS = (
					"$(inherited)",
					"@executable_path/Frameworks",
				);
				PRODUCT_BUNDLE_IDENTIFIER = com.gsm.StopWatch;
				PRODUCT_NAME = "$(TARGET_NAME)";
				SWIFT_VERSION = 5.0;
				TARGETED_DEVICE_FAMILY = "1,2";
			};
			name = Debug;
		};
		756DFFF22481007C001DC6AD /* Release */ = {
			isa = XCBuildConfiguration;
			buildSettings = {
				ASSETCATALOG_COMPILER_APPICON_NAME = AppIcon;
				CODE_SIGN_STYLE = Automatic;
				INFOPLIST_FILE = StopWatch/Info.plist;
				LD_RUNPATH_SEARCH_PATHS = (
					"$(inherited)",
					"@executable_path/Frameworks",
				);
				PRODUCT_BUNDLE_IDENTIFIER = com.gsm.StopWatch;
				PRODUCT_NAME = "$(TARGET_NAME)";
				SWIFT_VERSION = 5.0;
				TARGETED_DEVICE_FAMILY = "1,2";
			};
			name = Release;
		};
		756DFFF42481007C001DC6AD /* Debug */ = {
			isa = XCBuildConfiguration;
			buildSettings = {
				ALWAYS_EMBED_SWIFT_STANDARD_LIBRARIES = YES;
				BUNDLE_LOADER = "$(TEST_HOST)";
				CODE_SIGN_STYLE = Automatic;
				INFOPLIST_FILE = StopWatchTests/Info.plist;
				IPHONEOS_DEPLOYMENT_TARGET = 13.5;
				LD_RUNPATH_SEARCH_PATHS = (
					"$(inherited)",
					"@executable_path/Frameworks",
					"@loader_path/Frameworks",
				);
				PRODUCT_BUNDLE_IDENTIFIER = com.gsm.StopWatchTests;
				PRODUCT_NAME = "$(TARGET_NAME)";
				SWIFT_VERSION = 5.0;
				TARGETED_DEVICE_FAMILY = "1,2";
				TEST_HOST = "$(BUILT_PRODUCTS_DIR)/StopWatch.app/StopWatch";
			};
			name = Debug;
		};
		756DFFF52481007C001DC6AD /* Release */ = {
			isa = XCBuildConfiguration;
			buildSettings = {
				ALWAYS_EMBED_SWIFT_STANDARD_LIBRARIES = YES;
				BUNDLE_LOADER = "$(TEST_HOST)";
				CODE_SIGN_STYLE = Automatic;
				INFOPLIST_FILE = StopWatchTests/Info.plist;
				IPHONEOS_DEPLOYMENT_TARGET = 13.5;
				LD_RUNPATH_SEARCH_PATHS = (
					"$(inherited)",
					"@executable_path/Frameworks",
					"@loader_path/Frameworks",
				);
				PRODUCT_BUNDLE_IDENTIFIER = com.gsm.StopWatchTests;
				PRODUCT_NAME = "$(TARGET_NAME)";
				SWIFT_VERSION = 5.0;
				TARGETED_DEVICE_FAMILY = "1,2";
				TEST_HOST = "$(BUILT_PRODUCTS_DIR)/StopWatch.app/StopWatch";
			};
			name = Release;
		};
/* End XCBuildConfiguration section */

/* Begin XCConfigurationList section */
		756DFFCC2481007A001DC6AD /* Build configuration list for PBXProject "StopWatch" */ = {
			isa = XCConfigurationList;
			buildConfigurations = (
				756DFFEE2481007C001DC6AD /* Debug */,
				756DFFEF2481007C001DC6AD /* Release */,
			);
			defaultConfigurationIsVisible = 0;
			defaultConfigurationName = Release;
		};
		756DFFF02481007C001DC6AD /* Build configuration list for PBXNativeTarget "StopWatch" */ = {
			isa = XCConfigurationList;
			buildConfigurations = (
				756DFFF12481007C001DC6AD /* Debug */,
				756DFFF22481007C001DC6AD /* Release */,
			);
			defaultConfigurationIsVisible = 0;
			defaultConfigurationName = Release;
		};
		756DFFF32481007C001DC6AD /* Build configuration list for PBXNativeTarget "StopWatchTests" */ = {
			isa = XCConfigurationList;
			buildConfigurations = (
				756DFFF42481007C001DC6AD /* Debug */,
				756DFFF52481007C001DC6AD /* Release */,
			);
			defaultConfigurationIsVisible = 0;
			defaultConfigurationName = Release;
		};
/* End XCConfigurationList section */
	};
	rootObject = 756DFFC92481007A001DC6AD /* Project object */;
}
